
Microsoft Visual Studio Solution File, Format Version 12.00
# Visual Studio 15
Project("{FAE04EC0-301F-11D3-BF4B-00C04F79EFBC}") = "Xamarin.PinningAppDemo.Android", "Xamarin.PinningAppDemo.Android\Xamarin.PinningAppDemo.Android.csproj", "{BAE3A78B-0B4B-477A-8D0F-9E6E22E14A5A}"
EndProject
Project("{FAE04EC0-301F-11D3-BF4B-00C04F79EFBC}") = "Xamarin.PinningAppDemo.iOS", "Xamarin.PinningAppDemo.iOS\Xamarin.PinningAppDemo.iOS.csproj", "{7FE474F8-F136-442E-9AB0-95E6F1BBB373}"
EndProject
Project("{FAE04EC0-301F-11D3-BF4B-00C04F79EFBC}") = "Xamarin.PinningAppDemo.Core", "Xamarin.PinningAppDemo.Core\Xamarin.PinningAppDemo.Core.csproj", "{DD5D003B-556B-430B-942B-165D44CEC0F7}"
EndProject
Global
	GlobalSection(SolutionConfigurationPlatforms) = preSolution
		Debug|Any CPU = Debug|Any CPU
		Release|Any CPU = Release|Any CPU
		Debug|iPhoneSimulator = Debug|iPhoneSimulator
		Release|iPhoneSimulator = Release|iPhoneSimulator
		Debug|iPhone = Debug|iPhone
		Release|iPhone = Release|iPhone
		Ad-Hoc|iPhone = Ad-Hoc|iPhone
		AppStore|iPhone = AppStore|iPhone
	EndGlobalSection
	GlobalSection(ProjectConfigurationPlatforms) = postSolution
		{BAE3A78B-0B4B-477A-8D0F-9E6E22E14A5A}.Debug|Any CPU.ActiveCfg = Debug|Any CPU
		{BAE3A78B-0B4B-477A-8D0F-9E6E22E14A5A}.Debug|Any CPU.Build.0 = Debug|Any CPU
		{BAE3A78B-0B4B-477A-8D0F-9E6E22E14A5A}.Release|Any CPU.ActiveCfg = Release|Any CPU
		{BAE3A78B-0B4B-477A-8D0F-9E6E22E14A5A}.Release|Any CPU.Build.0 = Release|Any CPU
		{BAE3A78B-0B4B-477A-8D0F-9E6E22E14A5A}.Debug|iPhoneSimulator.ActiveCfg = Debug|Any CPU
		{BAE3A78B-0B4B-477A-8D0F-9E6E22E14A5A}.Debug|iPhoneSimulator.Build.0 = Debug|Any CPU
		{BAE3A78B-0B4B-477A-8D0F-9E6E22E14A5A}.Release|iPhoneSimulator.ActiveCfg = Release|Any CPU
		{BAE3A78B-0B4B-477A-8D0F-9E6E22E14A5A}.Release|iPhoneSimulator.Build.0 = Release|Any CPU
		{BAE3A78B-0B4B-477A-8D0F-9E6E22E14A5A}.Debug|iPhone.ActiveCfg = Debug|Any CPU
		{BAE3A78B-0B4B-477A-8D0F-9E6E22E14A5A}.Debug|iPhone.Build.0 = Debug|Any CPU
		{BAE3A78B-0B4B-477A-8D0F-9E6E22E14A5A}.Release|iPhone.ActiveCfg = Release|Any CPU
		{BAE3A78B-0B4B-477A-8D0F-9E6E22E14A5A}.Release|iPhone.Build.0 = Release|Any CPU
		{BAE3A78B-0B4B-477A-8D0F-9E6E22E14A5A}.Ad-Hoc|iPhone.ActiveCfg = Debug|Any CPU
		{BAE3A78B-0B4B-477A-8D0F-9E6E22E14A5A}.Ad-Hoc|iPhone.Build.0 = Debug|Any CPU
		{BAE3A78B-0B4B-477A-8D0F-9E6E22E14A5A}.AppStore|iPhone.ActiveCfg = Debug|Any CPU
		{BAE3A78B-0B4B-477A-8D0F-9E6E22E14A5A}.AppStore|iPhone.Build.0 = Debug|Any CPU
		{7FE474F8-F136-442E-9AB0-95E6F1BBB373}.Debug|Any CPU.ActiveCfg = Debug|iPhoneSimulator
		{7FE474F8-F136-442E-9AB0-95E6F1BBB373}.Debug|Any CPU.Build.0 = Debug|iPhoneSimulator
		{7FE474F8-F136-442E-9AB0-95E6F1BBB373}.Release|Any CPU.ActiveCfg = Release|iPhoneSimulator
		{7FE474F8-F136-442E-9AB0-95E6F1BBB373}.Release|Any CPU.Build.0 = Release|iPhoneSimulator
		{7FE474F8-F136-442E-9AB0-95E6F1BBB373}.Debug|iPhoneSimulator.ActiveCfg = Debug|iPhoneSimulator
		{7FE474F8-F136-442E-9AB0-95E6F1BBB373}.Debug|iPhoneSimulator.Build.0 = Debug|iPhoneSimulator
		{7FE474F8-F136-442E-9AB0-95E6F1BBB373}.Release|iPhoneSimulator.ActiveCfg = Release|iPhoneSimulator
		{7FE474F8-F136-442E-9AB0-95E6F1BBB373}.Release|iPhoneSimulator.Build.0 = Release|iPhoneSimulator
		{7FE474F8-F136-442E-9AB0-95E6F1BBB373}.Debug|iPhone.ActiveCfg = Debug|iPhone
		{7FE474F8-F136-442E-9AB0-95E6F1BBB373}.Debug|iPhone.Build.0 = Debug|iPhone
		{7FE474F8-F136-442E-9AB0-95E6F1BBB373}.Release|iPhone.ActiveCfg = Release|iPhone
		{7FE474F8-F136-442E-9AB0-95E6F1BBB373}.Release|iPhone.Build.0 = Release|iPhone
		{7FE474F8-F136-442E-9AB0-95E6F1BBB373}.Ad-Hoc|iPhone.ActiveCfg = Ad-Hoc|iPhone
		{7FE474F8-F136-442E-9AB0-95E6F1BBB373}.Ad-Hoc|iPhone.Build.0 = Ad-Hoc|iPhone
		{7FE474F8-F136-442E-9AB0-95E6F1BBB373}.AppStore|iPhone.ActiveCfg = AppStore|iPhone
		{7FE474F8-F136-442E-9AB0-95E6F1BBB373}.AppStore|iPhone.Build.0 = AppStore|iPhone
		{DD5D003B-556B-430B-942B-165D44CEC0F7}.Debug|Any CPU.ActiveCfg = Debug|Any CPU
		{DD5D003B-556B-430B-942B-165D44CEC0F7}.Debug|Any CPU.Build.0 = Debug|Any CPU
		{DD5D003B-556B-430B-942B-165D44CEC0F7}.Release|Any CPU.ActiveCfg = Release|Any CPU
		{DD5D003B-556B-430B-942B-165D44CEC0F7}.Release|Any CPU.Build.0 = Release|Any CPU
		{DD5D003B-556B-430B-942B-165D44CEC0F7}.Debug|iPhoneSimulator.ActiveCfg = Debug|Any CPU
		{DD5D003B-556B-430B-942B-165D44CEC0F7}.Debug|iPhoneSimulator.Build.0 = Debug|Any CPU
		{DD5D003B-556B-430B-942B-165D44CEC0F7}.Release|iPhoneSimulator.ActiveCfg = Release|Any CPU
		{DD5D003B-556B-430B-942B-165D44CEC0F7}.Release|iPhoneSimulator.Build.0 = Release|Any CPU
		{DD5D003B-556B-430B-942B-165D44CEC0F7}.Debug|iPhone.ActiveCfg = Debug|Any CPU
		{DD5D003B-556B-430B-942B-165D44CEC0F7}.Debug|iPhone.Build.0 = Debug|Any CPU
		{DD5D003B-556B-430B-942B-165D44CEC0F7}.Release|iPhone.ActiveCfg = Release|Any CPU
		{DD5D003B-556B-430B-942B-165D44CEC0F7}.Release|iPhone.Build.0 = Release|Any CPU
		{DD5D003B-556B-430B-942B-165D44CEC0F7}.Ad-Hoc|iPhone.ActiveCfg = Debug|Any CPU
		{DD5D003B-556B-430B-942B-165D44CEC0F7}.Ad-Hoc|iPhone.Build.0 = Debug|Any CPU
		{DD5D003B-556B-430B-942B-165D44CEC0F7}.AppStore|iPhone.ActiveCfg = Debug|Any CPU
		{DD5D003B-556B-430B-942B-165D44CEC0F7}.AppStore|iPhone.Build.0 = Debug|Any CPU
	EndGlobalSection
EndGlobal
